// !$*UTF8*$!
{
	archiveVersion = 1;
	classes = {
	};
	objectVersion = 55;
	objects = {

/* Begin PBXBuildFile section */
		F51B7D442890526F00A31D4E /* Peter017_1App.swift in Sources */ = {isa = PBXBuildFile; fileRef = F51B7D432890526F00A31D4E /* Peter017_1App.swift */; };
		F51B7D482890527400A31D4E /* Assets.xcassets in Resources */ = {isa = PBXBuildFile; fileRef = F51B7D472890527400A31D4E /* Assets.xcassets */; };
		F51B7D4B2890527400A31D4E /* Preview Assets.xcassets in Resources */ = {isa = PBXBuildFile; fileRef = F51B7D4A2890527400A31D4E /* Preview Assets.xcassets */; };
		F51B7D552890527500A31D4E /* Peter017_1Tests.swift in Sources */ = {isa = PBXBuildFile; fileRef = F51B7D542890527500A31D4E /* Peter017_1Tests.swift */; };
		F51B7D5F2890527500A31D4E /* Peter017_1UITests.swift in Sources */ = {isa = PBXBuildFile; fileRef = F51B7D5E2890527500A31D4E /* Peter017_1UITests.swift */; };
		F51B7D612890527500A31D4E /* Peter017_1UITestsLaunchTests.swift in Sources */ = {isa = PBXBuildFile; fileRef = F51B7D602890527500A31D4E /* Peter017_1UITestsLaunchTests.swift */; };
		F51B7D702890531600A31D4E /* ViewModel.swift in Sources */ = {isa = PBXBuildFile; fileRef = F51B7D6F2890531600A31D4E /* ViewModel.swift */; };
		F51B7D722890534400A31D4E /* HomeView.swift in Sources */ = {isa = PBXBuildFile; fileRef = F51B7D712890534400A31D4E /* HomeView.swift */; };
		F51B7D75289054E000A31D4E /* Picker.swift in Sources */ = {isa = PBXBuildFile; fileRef = F51B7D74289054E000A31D4E /* Picker.swift */; };
		F51B7D7828906E0F00A31D4E /* ImagePicker.swift in Sources */ = {isa = PBXBuildFile; fileRef = F51B7D7728906E0F00A31D4E /* ImagePicker.swift */; };
		F51B7D7A28906FD500A31D4E /* ZoomableScrollView.swift in Sources */ = {isa = PBXBuildFile; fileRef = F51B7D7928906FD500A31D4E /* ZoomableScrollView.swift */; };
		F56D6A2E2891830400B0371C /* UserModel.swift in Sources */ = {isa = PBXBuildFile; fileRef = F56D6A2D2891830400B0371C /* UserModel.swift */; };
/* End PBXBuildFile section */

/* Begin PBXContainerItemProxy section */
		F51B7D512890527500A31D4E /* PBXContainerItemProxy */ = {
			isa = PBXContainerItemProxy;
			containerPortal = F51B7D382890526F00A31D4E /* Project object */;
			proxyType = 1;
			remoteGlobalIDString = F51B7D3F2890526F00A31D4E;
			remoteInfo = Peter017_1;
		};
		F51B7D5B2890527500A31D4E /* PBXContainerItemProxy */ = {
			isa = PBXContainerItemProxy;
			containerPortal = F51B7D382890526F00A31D4E /* Project object */;
			proxyType = 1;
			remoteGlobalIDString = F51B7D3F2890526F00A31D4E;
			remoteInfo = Peter017_1;
		};
/* End PBXContainerItemProxy section */

/* Begin PBXFileReference section */
		F51B7D402890526F00A31D4E /* Peter017_1.app */ = {isa = PBXFileReference; explicitFileType = wrapper.application; includeInIndex = 0; path = Peter017_1.app; sourceTree = BUILT_PRODUCTS_DIR; };
		F51B7D432890526F00A31D4E /* Peter017_1App.swift */ = {isa = PBXFileReference; lastKnownFileType = sourcecode.swift; path = Peter017_1App.swift; sourceTree = "<group>"; };
		F51B7D472890527400A31D4E /* Assets.xcassets */ = {isa = PBXFileReference; lastKnownFileType = folder.assetcatalog; path = Assets.xcassets; sourceTree = "<group>"; };
		F51B7D4A2890527400A31D4E /* Preview Assets.xcassets */ = {isa = PBXFileReference; lastKnownFileType = folder.assetcatalog; path = "Preview Assets.xcassets"; sourceTree = "<group>"; };
		F51B7D502890527500A31D4E /* Peter017_1Tests.xctest */ = {isa = PBXFileReference; explicitFileType = wrapper.cfbundle; includeInIndex = 0; path = Peter017_1Tests.xctest; sourceTree = BUILT_PRODUCTS_DIR; };
		F51B7D542890527500A31D4E /* Peter017_1Tests.swift */ = {isa = PBXFileReference; lastKnownFileType = sourcecode.swift; path = Peter017_1Tests.swift; sourceTree = "<group>"; };
		F51B7D5A2890527500A31D4E /* Peter017_1UITests.xctest */ = {isa = PBXFileReference; explicitFileType = wrapper.cfbundle; includeInIndex = 0; path = Peter017_1UITests.xctest; sourceTree = BUILT_PRODUCTS_DIR; };
		F51B7D5E2890527500A31D4E /* Peter017_1UITests.swift */ = {isa = PBXFileReference; lastKnownFileType = sourcecode.swift; path = Peter017_1UITests.swift; sourceTree = "<group>"; };
		F51B7D602890527500A31D4E /* Peter017_1UITestsLaunchTests.swift */ = {isa = PBXFileReference; lastKnownFileType = sourcecode.swift; path = Peter017_1UITestsLaunchTests.swift; sourceTree = "<group>"; };
		F51B7D6F2890531600A31D4E /* ViewModel.swift */ = {isa = PBXFileReference; lastKnownFileType = sourcecode.swift; path = ViewModel.swift; sourceTree = "<group>"; };
		F51B7D712890534400A31D4E /* HomeView.swift */ = {isa = PBXFileReference; lastKnownFileType = sourcecode.swift; path = HomeView.swift; sourceTree = "<group>"; };
		F51B7D74289054E000A31D4E /* Picker.swift */ = {isa = PBXFileReference; lastKnownFileType = sourcecode.swift; path = Picker.swift; sourceTree = "<group>"; };
		F51B7D7728906E0F00A31D4E /* ImagePicker.swift */ = {isa = PBXFileReference; lastKnownFileType = sourcecode.swift; path = ImagePicker.swift; sourceTree = "<group>"; };
		F51B7D7928906FD500A31D4E /* ZoomableScrollView.swift */ = {isa = PBXFileReference; lastKnownFileType = sourcecode.swift; path = ZoomableScrollView.swift; sourceTree = "<group>"; };
		F56D6A2D2891830400B0371C /* UserModel.swift */ = {isa = PBXFileReference; lastKnownFileType = sourcecode.swift; path = UserModel.swift; sourceTree = "<group>"; };
/* End PBXFileReference section */

/* Begin PBXFrameworksBuildPhase section */
		F51B7D3D2890526F00A31D4E /* Frameworks */ = {
			isa = PBXFrameworksBuildPhase;
			buildActionMask = 2147483647;
			files = (
			);
			runOnlyForDeploymentPostprocessing = 0;
		};
		F51B7D4D2890527500A31D4E /* Frameworks */ = {
			isa = PBXFrameworksBuildPhase;
			buildActionMask = 2147483647;
			files = (
			);
			runOnlyForDeploymentPostprocessing = 0;
		};
		F51B7D572890527500A31D4E /* Frameworks */ = {
			isa = PBXFrameworksBuildPhase;
			buildActionMask = 2147483647;
			files = (
			);
			runOnlyForDeploymentPostprocessing = 0;
		};
/* End PBXFrameworksBuildPhase section */

/* Begin PBXGroup section */
		F51B7D372890526F00A31D4E = {
			isa = PBXGroup;
			children = (
				F51B7D422890526F00A31D4E /* Peter017_1 */,
				F51B7D532890527500A31D4E /* Peter017_1Tests */,
				F51B7D5D2890527500A31D4E /* Peter017_1UITests */,
				F51B7D412890526F00A31D4E /* Products */,
			);
			sourceTree = "<group>";
		};
		F51B7D412890526F00A31D4E /* Products */ = {
			isa = PBXGroup;
			children = (
				F51B7D402890526F00A31D4E /* Peter017_1.app */,
				F51B7D502890527500A31D4E /* Peter017_1Tests.xctest */,
				F51B7D5A2890527500A31D4E /* Peter017_1UITests.xctest */,
			);
			name = Products;
			sourceTree = "<group>";
		};
		F51B7D422890526F00A31D4E /* Peter017_1 */ = {
			isa = PBXGroup;
			children = (
				F51B7D432890526F00A31D4E /* Peter017_1App.swift */,
				F51B7D73289054C900A31D4E /* Models */,
				F51B7D6E289052F500A31D4E /* ViewModels */,
				F51B7D6D289052DF00A31D4E /* Views */,
				F51B7D7628906DE300A31D4E /* UIViewRepresentables */,
				F51B7D472890527400A31D4E /* Assets.xcassets */,
				F51B7D492890527400A31D4E /* Preview Content */,
			);
			path = Peter017_1;
			sourceTree = "<group>";
		};
		F51B7D492890527400A31D4E /* Preview Content */ = {
			isa = PBXGroup;
			children = (
				F51B7D4A2890527400A31D4E /* Preview Assets.xcassets */,
			);
			path = "Preview Content";
			sourceTree = "<group>";
		};
		F51B7D532890527500A31D4E /* Peter017_1Tests */ = {
			isa = PBXGroup;
			children = (
				F51B7D542890527500A31D4E /* Peter017_1Tests.swift */,
			);
			path = Peter017_1Tests;
			sourceTree = "<group>";
		};
		F51B7D5D2890527500A31D4E /* Peter017_1UITests */ = {
			isa = PBXGroup;
			children = (
				F51B7D5E2890527500A31D4E /* Peter017_1UITests.swift */,
				F51B7D602890527500A31D4E /* Peter017_1UITestsLaunchTests.swift */,
			);
			path = Peter017_1UITests;
			sourceTree = "<group>";
		};
		F51B7D6D289052DF00A31D4E /* Views */ = {
			isa = PBXGroup;
			children = (
				F51B7D712890534400A31D4E /* HomeView.swift */,
			);
			path = Views;
			sourceTree = "<group>";
		};
		F51B7D6E289052F500A31D4E /* ViewModels */ = {
			isa = PBXGroup;
			children = (
				F51B7D6F2890531600A31D4E /* ViewModel.swift */,
			);
			path = ViewModels;
			sourceTree = "<group>";
		};
		F51B7D73289054C900A31D4E /* Models */ = {
			isa = PBXGroup;
			children = (
				F51B7D74289054E000A31D4E /* Picker.swift */,
				F56D6A2D2891830400B0371C /* UserModel.swift */,
			);
			path = Models;
			sourceTree = "<group>";
		};
		F51B7D7628906DE300A31D4E /* UIViewRepresentables */ = {
			isa = PBXGroup;
			children = (
				F51B7D7728906E0F00A31D4E /* ImagePicker.swift */,
				F51B7D7928906FD500A31D4E /* ZoomableScrollView.swift */,
			);
			path = UIViewRepresentables;
			sourceTree = "<group>";
		};
/* End PBXGroup section */

/* Begin PBXNativeTarget section */
		F51B7D3F2890526F00A31D4E /* Peter017_1 */ = {
			isa = PBXNativeTarget;
			buildConfigurationList = F51B7D642890527500A31D4E /* Build configuration list for PBXNativeTarget "Peter017_1" */;
			buildPhases = (
				F51B7D3C2890526F00A31D4E /* Sources */,
				F51B7D3D2890526F00A31D4E /* Frameworks */,
				F51B7D3E2890526F00A31D4E /* Resources */,
			);
			buildRules = (
			);
			dependencies = (
			);
			name = Peter017_1;
			productName = Peter017_1;
			productReference = F51B7D402890526F00A31D4E /* Peter017_1.app */;
			productType = "com.apple.product-type.application";
		};
		F51B7D4F2890527500A31D4E /* Peter017_1Tests */ = {
			isa = PBXNativeTarget;
			buildConfigurationList = F51B7D672890527500A31D4E /* Build configuration list for PBXNativeTarget "Peter017_1Tests" */;
			buildPhases = (
				F51B7D4C2890527500A31D4E /* Sources */,
				F51B7D4D2890527500A31D4E /* Frameworks */,
				F51B7D4E2890527500A31D4E /* Resources */,
			);
			buildRules = (
			);
			dependencies = (
				F51B7D522890527500A31D4E /* PBXTargetDependency */,
			);
			name = Peter017_1Tests;
			productName = Peter017_1Tests;
			productReference = F51B7D502890527500A31D4E /* Peter017_1Tests.xctest */;
			productType = "com.apple.product-type.bundle.unit-test";
		};
		F51B7D592890527500A31D4E /* Peter017_1UITests */ = {
			isa = PBXNativeTarget;
			buildConfigurationList = F51B7D6A2890527500A31D4E /* Build configuration list for PBXNativeTarget "Peter017_1UITests" */;
			buildPhases = (
				F51B7D562890527500A31D4E /* Sources */,
				F51B7D572890527500A31D4E /* Frameworks */,
				F51B7D582890527500A31D4E /* Resources */,
			);
			buildRules = (
			);
			dependencies = (
				F51B7D5C2890527500A31D4E /* PBXTargetDependency */,
			);
			name = Peter017_1UITests;
			productName = Peter017_1UITests;
			productReference = F51B7D5A2890527500A31D4E /* Peter017_1UITests.xctest */;
			productType = "com.apple.product-type.bundle.ui-testing";
		};
/* End PBXNativeTarget section */

/* Begin PBXProject section */
		F51B7D382890526F00A31D4E /* Project object */ = {
			isa = PBXProject;
			attributes = {
				BuildIndependentTargetsInParallel = 1;
				LastSwiftUpdateCheck = 1310;
				LastUpgradeCheck = 1310;
				TargetAttributes = {
					F51B7D3F2890526F00A31D4E = {
						CreatedOnToolsVersion = 13.1;
					};
					F51B7D4F2890527500A31D4E = {
						CreatedOnToolsVersion = 13.1;
						TestTargetID = F51B7D3F2890526F00A31D4E;
					};
					F51B7D592890527500A31D4E = {
						CreatedOnToolsVersion = 13.1;
						TestTargetID = F51B7D3F2890526F00A31D4E;
					};
				};
			};
			buildConfigurationList = F51B7D3B2890526F00A31D4E /* Build configuration list for PBXProject "Peter017_1" */;
			compatibilityVersion = "Xcode 13.0";
			developmentRegion = en;
			hasScannedForEncodings = 0;
			knownRegions = (
				en,
				Base,
			);
			mainGroup = F51B7D372890526F00A31D4E;
			productRefGroup = F51B7D412890526F00A31D4E /* Products */;
			projectDirPath = "";
			projectRoot = "";
			targets = (
				F51B7D3F2890526F00A31D4E /* Peter017_1 */,
				F51B7D4F2890527500A31D4E /* Peter017_1Tests */,
				F51B7D592890527500A31D4E /* Peter017_1UITests */,
			);
		};
/* End PBXProject section */

/* Begin PBXResourcesBuildPhase section */
		F51B7D3E2890526F00A31D4E /* Resources */ = {
			isa = PBXResourcesBuildPhase;
			buildActionMask = 2147483647;
			files = (
				F51B7D4B2890527400A31D4E /* Preview Assets.xcassets in Resources */,
				F51B7D482890527400A31D4E /* Assets.xcassets in Resources */,
			);
			runOnlyForDeploymentPostprocessing = 0;
		};
		F51B7D4E2890527500A31D4E /* Resources */ = {
			isa = PBXResourcesBuildPhase;
			buildActionMask = 2147483647;
			files = (
			);
			runOnlyForDeploymentPostprocessing = 0;
		};
		F51B7D582890527500A31D4E /* Resources */ = {
			isa = PBXResourcesBuildPhase;
			buildActionMask = 2147483647;
			files = (
			);
			runOnlyForDeploymentPostprocessing = 0;
		};
/* End PBXResourcesBuildPhase section */

/* Begin PBXSourcesBuildPhase section */
		F51B7D3C2890526F00A31D4E /* Sources */ = {
			isa = PBXSourcesBuildPhase;
			buildActionMask = 2147483647;
			files = (
				F51B7D722890534400A31D4E /* HomeView.swift in Sources */,
				F56D6A2E2891830400B0371C /* UserModel.swift in Sources */,
				F51B7D75289054E000A31D4E /* Picker.swift in Sources */,
				F51B7D7828906E0F00A31D4E /* ImagePicker.swift in Sources */,
				F51B7D702890531600A31D4E /* ViewModel.swift in Sources */,
				F51B7D7A28906FD500A31D4E /* ZoomableScrollView.swift in Sources */,
				F51B7D442890526F00A31D4E /* Peter017_1App.swift in Sources */,
			);
			runOnlyForDeploymentPostprocessing = 0;
		};
		F51B7D4C2890527500A31D4E /* Sources */ = {
			isa = PBXSourcesBuildPhase;
			buildActionMask = 2147483647;
			files = (
				F51B7D552890527500A31D4E /* Peter017_1Tests.swift in Sources */,
			);
			runOnlyForDeploymentPostprocessing = 0;
		};
		F51B7D562890527500A31D4E /* Sources */ = {
			isa = PBXSourcesBuildPhase;
			buildActionMask = 2147483647;
			files = (
				F51B7D612890527500A31D4E /* Peter017_1UITestsLaunchTests.swift in Sources */,
				F51B7D5F2890527500A31D4E /* Peter017_1UITests.swift in Sources */,
			);
			runOnlyForDeploymentPostprocessing = 0;
		};
/* End PBXSourcesBuildPhase section */

/* Begin PBXTargetDependency section */
		F51B7D522890527500A31D4E /* PBXTargetDependency */ = {
			isa = PBXTargetDependency;
			target = F51B7D3F2890526F00A31D4E /* Peter017_1 */;
			targetProxy = F51B7D512890527500A31D4E /* PBXContainerItemProxy */;
		};
		F51B7D5C2890527500A31D4E /* PBXTargetDependency */ = {
			isa = PBXTargetDependency;
			target = F51B7D3F2890526F00A31D4E /* Peter017_1 */;
			targetProxy = F51B7D5B2890527500A31D4E /* PBXContainerItemProxy */;
		};
/* End PBXTargetDependency section */

/* Begin XCBuildConfiguration section */
		F51B7D622890527500A31D4E /* Debug */ = {
			isa = XCBuildConfiguration;
			buildSettings = {
				ALWAYS_SEARCH_USER_PATHS = NO;
				CLANG_ANALYZER_NONNULL = YES;
				CLANG_ANALYZER_NUMBER_OBJECT_CONVERSION = YES_AGGRESSIVE;
				CLANG_CXX_LANGUAGE_STANDARD = "gnu++17";
				CLANG_CXX_LIBRARY = "libc++";
				CLANG_ENABLE_MODULES = YES;
				CLANG_ENABLE_OBJC_ARC = YES;
				CLANG_ENABLE_OBJC_WEAK = YES;
				CLANG_WARN_BLOCK_CAPTURE_AUTORELEASING = YES;
				CLANG_WARN_BOOL_CONVERSION = YES;
				CLANG_WARN_COMMA = YES;
				CLANG_WARN_CONSTANT_CONVERSION = YES;
				CLANG_WARN_DEPRECATED_OBJC_IMPLEMENTATIONS = YES;
				CLANG_WARN_DIRECT_OBJC_ISA_USAGE = YES_ERROR;
				CLANG_WARN_DOCUMENTATION_COMMENTS = YES;
				CLANG_WARN_EMPTY_BODY = YES;
				CLANG_WARN_ENUM_CONVERSION = YES;
				CLANG_WARN_INFINITE_RECURSION = YES;
				CLANG_WARN_INT_CONVERSION = YES;
				CLANG_WARN_NON_LITERAL_NULL_CONVERSION = YES;
				CLANG_WARN_OBJC_IMPLICIT_RETAIN_SELF = YES;
				CLANG_WARN_OBJC_LITERAL_CONVERSION = YES;
				CLANG_WARN_OBJC_ROOT_CLASS = YES_ERROR;
				CLANG_WARN_QUOTED_INCLUDE_IN_FRAMEWORK_HEADER = YES;
				CLANG_WARN_RANGE_LOOP_ANALYSIS = YES;
				CLANG_WARN_STRICT_PROTOTYPES = YES;
				CLANG_WARN_SUSPICIOUS_MOVE = YES;
				CLANG_WARN_UNGUARDED_AVAILABILITY = YES_AGGRESSIVE;
				CLANG_WARN_UNREACHABLE_CODE = YES;
				CLANG_WARN__DUPLICATE_METHOD_MATCH = YES;
				COPY_PHASE_STRIP = NO;
				DEBUG_INFORMATION_FORMAT = dwarf;
				ENABLE_STRICT_OBJC_MSGSEND = YES;
				ENABLE_TESTABILITY = YES;
				GCC_C_LANGUAGE_STANDARD = gnu11;
				GCC_DYNAMIC_NO_PIC = NO;
				GCC_NO_COMMON_BLOCKS = YES;
				GCC_OPTIMIZATION_LEVEL = 0;
				GCC_PREPROCESSOR_DEFINITIONS = (
					"DEBUG=1",
					"$(inherited)",
				);
				GCC_WARN_64_TO_32_BIT_CONVERSION = YES;
				GCC_WARN_ABOUT_RETURN_TYPE = YES_ERROR;
				GCC_WARN_UNDECLARED_SELECTOR = YES;
				GCC_WARN_UNINITIALIZED_AUTOS = YES_AGGRESSIVE;
				GCC_WARN_UNUSED_FUNCTION = YES;
				GCC_WARN_UNUSED_VARIABLE = YES;
				IPHONEOS_DEPLOYMENT_TARGET = 15.0;
				MTL_ENABLE_DEBUG_INFO = INCLUDE_SOURCE;
				MTL_FAST_MATH = YES;
				ONLY_ACTIVE_ARCH = YES;
				SDKROOT = iphoneos;
				SWIFT_ACTIVE_COMPILATION_CONDITIONS = DEBUG;
				SWIFT_OPTIMIZATION_LEVEL = "-Onone";
			};
			name = Debug;
		};
		F51B7D632890527500A31D4E /* Release */ = {
			isa = XCBuildConfiguration;
			buildSettings = {
				ALWAYS_SEARCH_USER_PATHS = NO;
				CLANG_ANALYZER_NONNULL = YES;
				CLANG_ANALYZER_NUMBER_OBJECT_CONVERSION = YES_AGGRESSIVE;
				CLANG_CXX_LANGUAGE_STANDARD = "gnu++17";
				CLANG_CXX_LIBRARY = "libc++";
				CLANG_ENABLE_MODULES = YES;
				CLANG_ENABLE_OBJC_ARC = YES;
				CLANG_ENABLE_OBJC_WEAK = YES;
				CLANG_WARN_BLOCK_CAPTURE_AUTORELEASING = YES;
				CLANG_WARN_BOOL_CONVERSION = YES;
				CLANG_WARN_COMMA = YES;
				CLANG_WARN_CONSTANT_CONVERSION = YES;
				CLANG_WARN_DEPRECATED_OBJC_IMPLEMENTATIONS = YES;
				CLANG_WARN_DIRECT_OBJC_ISA_USAGE = YES_ERROR;
				CLANG_WARN_DOCUMENTATION_COMMENTS = YES;
				CLANG_WARN_EMPTY_BODY = YES;
				CLANG_WARN_ENUM_CONVERSION = YES;
				CLANG_WARN_INFINITE_RECURSION = YES;
				CLANG_WARN_INT_CONVERSION = YES;
				CLANG_WARN_NON_LITERAL_NULL_CONVERSION = YES;
				CLANG_WARN_OBJC_IMPLICIT_RETAIN_SELF = YES;
				CLANG_WARN_OBJC_LITERAL_CONVERSION = YES;
				CLANG_WARN_OBJC_ROOT_CLASS = YES_ERROR;
				CLANG_WARN_QUOTED_INCLUDE_IN_FRAMEWORK_HEADER = YES;
				CLANG_WARN_RANGE_LOOP_ANALYSIS = YES;
				CLANG_WARN_STRICT_PROTOTYPES = YES;
				CLANG_WARN_SUSPICIOUS_MOVE = YES;
				CLANG_WARN_UNGUARDED_AVAILABILITY = YES_AGGRESSIVE;
				CLANG_WARN_UNREACHABLE_CODE = YES;
				CLANG_WARN__DUPLICATE_METHOD_MATCH = YES;
				COPY_PHASE_STRIP = NO;
				DEBUG_INFORMATION_FORMAT = "dwarf-with-dsym";
				ENABLE_NS_ASSERTIONS = NO;
				ENABLE_STRICT_OBJC_MSGSEND = YES;
				GCC_C_LANGUAGE_STANDARD = gnu11;
				GCC_NO_COMMON_BLOCKS = YES;
				GCC_WARN_64_TO_32_BIT_CONVERSION = YES;
				GCC_WARN_ABOUT_RETURN_TYPE = YES_ERROR;
				GCC_WARN_UNDECLARED_SELECTOR = YES;
				GCC_WARN_UNINITIALIZED_AUTOS = YES_AGGRESSIVE;
				GCC_WARN_UNUSED_FUNCTION = YES;
				GCC_WARN_UNUSED_VARIABLE = YES;
				IPHONEOS_DEPLOYMENT_TARGET = 15.0;
				MTL_ENABLE_DEBUG_INFO = NO;
				MTL_FAST_MATH = YES;
				SDKROOT = iphoneos;
				SWIFT_COMPILATION_MODE = wholemodule;
				SWIFT_OPTIMIZATION_LEVEL = "-O";
				VALIDATE_PRODUCT = YES;
			};
			name = Release;
		};
		F51B7D652890527500A31D4E /* Debug */ = {
			isa = XCBuildConfiguration;
			buildSettings = {
				ASSETCATALOG_COMPILER_APPICON_NAME = AppIcon;
				ASSETCATALOG_COMPILER_GLOBAL_ACCENT_COLOR_NAME = AccentColor;
				CODE_SIGN_STYLE = Automatic;
				CURRENT_PROJECT_VERSION = 1;
				DEVELOPMENT_ASSET_PATHS = "\"Peter017_1/Preview Content\"";
				DEVELOPMENT_TEAM = 942H6V444Y;
				ENABLE_PREVIEWS = YES;
				GENERATE_INFOPLIST_FILE = YES;
				INFOPLIST_KEY_NSCameraUsageDescription = "算命時 提供相機拍照上傳功能";
				INFOPLIST_KEY_UIApplicationSceneManifest_Generation = YES;
				INFOPLIST_KEY_UIApplicationSupportsIndirectInputEvents = YES;
				INFOPLIST_KEY_UILaunchScreen_Generation = YES;
				INFOPLIST_KEY_UISupportedInterfaceOrientations_iPad = "UIInterfaceOrientationPortrait UIInterfaceOrientationPortraitUpsideDown UIInterfaceOrientationLandscapeLeft UIInterfaceOrientationLandscapeRight";
				INFOPLIST_KEY_UISupportedInterfaceOrientations_iPhone = UIInterfaceOrientationPortrait;
				LD_RUNPATH_SEARCH_PATHS = (
					"$(inherited)",
					"@executable_path/Frameworks",
				);
				MARKETING_VERSION = 1.0;
				PRODUCT_BUNDLE_IDENTIFIER = "com.ddong.Peter017-1";
				PRODUCT_NAME = "$(TARGET_NAME)";
				SWIFT_EMIT_LOC_STRINGS = YES;
				SWIFT_VERSION = 5.0;
				TARGETED_DEVICE_FAMILY = "1,2";
			};
			name = Debug;
		};
		F51B7D662890527500A31D4E /* Release */ = {
			isa = XCBuildConfiguration;
			buildSettings = {
				ASSETCATALOG_COMPILER_APPICON_NAME = AppIcon;
				ASSETCATALOG_COMPILER_GLOBAL_ACCENT_COLOR_NAME = AccentColor;
				CODE_SIGN_STYLE = Automatic;
				CURRENT_PROJECT_VERSION = 1;
				DEVELOPMENT_ASSET_PATHS = "\"Peter017_1/Preview Content\"";
				DEVELOPMENT_TEAM = 942H6V444Y;
				ENABLE_PREVIEWS = YES;
				GENERATE_INFOPLIST_FILE = YES;
				INFOPLIST_KEY_NSCameraUsageDescription = "算命時 提供相機拍照上傳功能";
				INFOPLIST_KEY_UIApplicationSceneManifest_Generation = YES;
				INFOPLIST_KEY_UIApplicationSupportsIndirectInputEvents = YES;
				INFOPLIST_KEY_UILaunchScreen_Generation = YES;
				INFOPLIST_KEY_UISupportedInterfaceOrientations_iPad = "UIInterfaceOrientationPortrait UIInterfaceOrientationPortraitUpsideDown UIInterfaceOrientationLandscapeLeft UIInterfaceOrientationLandscapeRight";
				INFOPLIST_KEY_UISupportedInterfaceOrientations_iPhone = UIInterfaceOrientationPortrait;
				LD_RUNPATH_SEARCH_PATHS = (
					"$(inherited)",
					"@executable_path/Frameworks",
				);
				MARKETING_VERSION = 1.0;
				PRODUCT_BUNDLE_IDENTIFIER = "com.ddong.Peter017-1";
				PRODUCT_NAME = "$(TARGET_NAME)";
				SWIFT_EMIT_LOC_STRINGS = YES;
				SWIFT_VERSION = 5.0;
				TARGETED_DEVICE_FAMILY = "1,2";
			};
			name = Release;
		};
		F51B7D682890527500A31D4E /* Debug */ = {
			isa = XCBuildConfiguration;
			buildSettings = {
				ALWAYS_EMBED_SWIFT_STANDARD_LIBRARIES = YES;
				BUNDLE_LOADER = "$(TEST_HOST)";
				CODE_SIGN_STYLE = Automatic;
				CURRENT_PROJECT_VERSION = 1;
				DEVELOPMENT_TEAM = 942H6V444Y;
				GENERATE_INFOPLIST_FILE = YES;
				IPHONEOS_DEPLOYMENT_TARGET = 15.0;
				LD_RUNPATH_SEARCH_PATHS = (
					"$(inherited)",
					"@executable_path/Frameworks",
					"@loader_path/Frameworks",
				);
				MARKETING_VERSION = 1.0;
				PRODUCT_BUNDLE_IDENTIFIER = "com.ddong.Peter017-1Tests";
				PRODUCT_NAME = "$(TARGET_NAME)";
				SWIFT_EMIT_LOC_STRINGS = NO;
				SWIFT_VERSION = 5.0;
				TARGETED_DEVICE_FAMILY = "1,2";
				TEST_HOST = "$(BUILT_PRODUCTS_DIR)/Peter017_1.app/Peter017_1";
			};
			name = Debug;
		};
		F51B7D692890527500A31D4E /* Release */ = {
			isa = XCBuildConfiguration;
			buildSettings = {
				ALWAYS_EMBED_SWIFT_STANDARD_LIBRARIES = YES;
				BUNDLE_LOADER = "$(TEST_HOST)";
				CODE_SIGN_STYLE = Automatic;
				CURRENT_PROJECT_VERSION = 1;
				DEVELOPMENT_TEAM = 942H6V444Y;
				GENERATE_INFOPLIST_FILE = YES;
				IPHONEOS_DEPLOYMENT_TARGET = 15.0;
				LD_RUNPATH_SEARCH_PATHS = (
					"$(inherited)",
					"@executable_path/Frameworks",
					"@loader_path/Frameworks",
				);
				MARKETING_VERSION = 1.0;
				PRODUCT_BUNDLE_IDENTIFIER = "com.ddong.Peter017-1Tests";
				PRODUCT_NAME = "$(TARGET_NAME)";
				SWIFT_EMIT_LOC_STRINGS = NO;
				SWIFT_VERSION = 5.0;
				TARGETED_DEVICE_FAMILY = "1,2";
				TEST_HOST = "$(BUILT_PRODUCTS_DIR)/Peter017_1.app/Peter017_1";
			};
			name = Release;
		};
		F51B7D6B2890527500A31D4E /* Debug */ = {
			isa = XCBuildConfiguration;
			buildSettings = {
				ALWAYS_EMBED_SWIFT_STANDARD_LIBRARIES = YES;
				CODE_SIGN_STYLE = Automatic;
				CURRENT_PROJECT_VERSION = 1;
				DEVELOPMENT_TEAM = 942H6V444Y;
				GENERATE_INFOPLIST_FILE = YES;
				LD_RUNPATH_SEARCH_PATHS = (
					"$(inherited)",
					"@executable_path/Frameworks",
					"@loader_path/Frameworks",
				);
				MARKETING_VERSION = 1.0;
				PRODUCT_BUNDLE_IDENTIFIER = "com.ddong.Peter017-1UITests";
				PRODUCT_NAME = "$(TARGET_NAME)";
				SWIFT_EMIT_LOC_STRINGS = NO;
				SWIFT_VERSION = 5.0;
				TARGETED_DEVICE_FAMILY = "1,2";
				TEST_TARGET_NAME = Peter017_1;
			};
			name = Debug;
		};
		F51B7D6C2890527500A31D4E /* Release */ = {
			isa = XCBuildConfiguration;
			buildSettings = {
				ALWAYS_EMBED_SWIFT_STANDARD_LIBRARIES = YES;
				CODE_SIGN_STYLE = Automatic;
				CURRENT_PROJECT_VERSION = 1;
				DEVELOPMENT_TEAM = 942H6V444Y;
				GENERATE_INFOPLIST_FILE = YES;
				LD_RUNPATH_SEARCH_PATHS = (
					"$(inherited)",
					"@executable_path/Frameworks",
					"@loader_path/Frameworks",
				);
				MARKETING_VERSION = 1.0;
				PRODUCT_BUNDLE_IDENTIFIER = "com.ddong.Peter017-1UITests";
				PRODUCT_NAME = "$(TARGET_NAME)";
				SWIFT_EMIT_LOC_STRINGS = NO;
				SWIFT_VERSION = 5.0;
				TARGETED_DEVICE_FAMILY = "1,2";
				TEST_TARGET_NAME = Peter017_1;
			};
			name = Release;
		};
/* End XCBuildConfiguration section */

/* Begin XCConfigurationList section */
		F51B7D3B2890526F00A31D4E /* Build configuration list for PBXProject "Peter017_1" */ = {
			isa = XCConfigurationList;
			buildConfigurations = (
				F51B7D622890527500A31D4E /* Debug */,
				F51B7D632890527500A31D4E /* Release */,
			);
			defaultConfigurationIsVisible = 0;
			defaultConfigurationName = Release;
		};
		F51B7D642890527500A31D4E /* Build configuration list for PBXNativeTarget "Peter017_1" */ = {
			isa = XCConfigurationList;
			buildConfigurations = (
				F51B7D652890527500A31D4E /* Debug */,
				F51B7D662890527500A31D4E /* Release */,
			);
			defaultConfigurationIsVisible = 0;
			defaultConfigurationName = Release;
		};
		F51B7D672890527500A31D4E /* Build configuration list for PBXNativeTarget "Peter017_1Tests" */ = {
			isa = XCConfigurationList;
			buildConfigurations = (
				F51B7D682890527500A31D4E /* Debug */,
				F51B7D692890527500A31D4E /* Release */,
			);
			defaultConfigurationIsVisible = 0;
			defaultConfigurationName = Release;
		};
		F51B7D6A2890527500A31D4E /* Build configuration list for PBXNativeTarget "Peter017_1UITests" */ = {
			isa = XCConfigurationList;
			buildConfigurations = (
				F51B7D6B2890527500A31D4E /* Debug */,
				F51B7D6C2890527500A31D4E /* Release */,
			);
			defaultConfigurationIsVisible = 0;
			defaultConfigurationName = Release;
		};
/* End XCConfigurationList section */
	};
	rootObject = F51B7D382890526F00A31D4E /* Project object */;
}
